
Microsoft Visual Studio Solution File, Format Version 12.00
# Visual Studio Version 16
VisualStudioVersion = 16.0.30717.126
MinimumVisualStudioVersion = 10.0.40219.1
Project("{FAE04EC0-301F-11D3-BF4B-00C04F79EFBC}") = "EmeraldSharp", "EmeraldSharp\EmeraldSharp.csproj", "{D2D247B1-D452-45B6-AE20-A732D0F1EA8E}"
EndProject
Global
	GlobalSection(SolutionConfigurationPlatforms) = preSolution
		Debug|Any CPU = Debug|Any CPU
		Release|Any CPU = Release|Any CPU
	EndGlobalSection
	GlobalSection(ProjectConfigurationPlatforms) = postSolution
		{D2D247B1-D452-45B6-AE20-A732D0F1EA8E}.Debug|Any CPU.ActiveCfg = Debug|Any CPU
		{D2D247B1-D452-45B6-AE20-A732D0F1EA8E}.Debug|Any CPU.Build.0 = Debug|Any CPU
		{D2D247B1-D452-45B6-AE20-A732D0F1EA8E}.Release|Any CPU.ActiveCfg = Release|Any CPU
		{D2D247B1-D452-45B6-AE20-A732D0F1EA8E}.Release|Any CPU.Build.0 = Release|Any CPU
	EndGlobalSection
	GlobalSection(SolutionProperties) = preSolution
		HideSolutionNode = FALSE
	EndGlobalSection
	GlobalSection(ExtensibilityGlobals) = postSolution
		SolutionGuid = {D64594F4-BA1E-407E-B02E-CF3A88337975}
	EndGlobalSection
EndGlobal
